{
  "intents": [
    "app_permission",
    "bluetooth_earphones",
    "cant_hear_call",
    "colours_wrong",
    "no_internet",
    "notifications_missing",
    "phone_not_ringing",
    "reset_network",
    "screen_too_dim",
    "screen_turns_off_fast",
    "screen_wont_rotate",
    "talkback_on",
    "text_too_small",
    "wifi_no_load",
    "wrong_time"
  ],
  "fixes": [
    "airplane_off",
    "audio_output_switch",
    "auto_time_on",
    "bluetooth_on",
    "brightness_up",
    "call_volume_up",
    "data_saver_off",
    "dnd_off",
    "font_size_settings",
    "greyscale_off",
    "inversion_off",
    "mobile_data_on",
    "private_dns_off",
    "reset_network",
    "ring_volume_up",
    "ringer_normal",
    "rotation_unlock",
    "talkback_off",
    "timeout_longer",
    "wifi_on"
  ],
  "checks": [
    "airplane_on",
    "always",
    "auto_time_off",
    "bluetooth_audio_connected",
    "bluetooth_off",
    "brightness_low",
    "call_volume_low",
    "data_saver_on",
    "dnd_on",
    "greyscale_on",
    "inversion_on",
    "offline_mobile_data_off",
    "offline_wifi_off",
    "private_dns_hostname",
    "ring_volume_zero",
    "ringer_not_normal",
    "rotation_locked",
    "talkback_on",
    "text_not_enlarged",
    "timeout_short"
  ]
}
